// !$*UTF8*$!
{
	archiveVersion = 1;
	classes = {
	};
	objectVersion = 50;
	objects = {

/* Begin PBXBuildFile section */
		2A92F43D24BF16480025F447 /* AppDelegate.m in Sources */ = {isa = PBXBuildFile; fileRef = 2A92F43C24BF16480025F447 /* AppDelegate.m */; };
		2A92F44024BF16480025F447 /* SceneDelegate.m in Sources */ = {isa = PBXBuildFile; fileRef = 2A92F43F24BF16480025F447 /* SceneDelegate.m */; };
		2A92F44324BF16480025F447 /* ViewController.m in Sources */ = {isa = PBXBuildFile; fileRef = 2A92F44224BF16480025F447 /* ViewController.m */; };
		2A92F44624BF16480025F447 /* Main.storyboard in Resources */ = {isa = PBXBuildFile; fileRef = 2A92F44424BF16480025F447 /* Main.storyboard */; };
		2A92F44824BF164A0025F447 /* Assets.xcassets in Resources */ = {isa = PBXBuildFile; fileRef = 2A92F44724BF164A0025F447 /* Assets.xcassets */; };
		2A92F44B24BF164B0025F447 /* LaunchScreen.storyboard in Resources */ = {isa = PBXBuildFile; fileRef = 2A92F44924BF164B0025F447 /* LaunchScreen.storyboard */; };
		2A92F44E24BF164B0025F447 /* main.m in Sources */ = {isa = PBXBuildFile; fileRef = 2A92F44D24BF164B0025F447 /* main.m */; };
		2A92F45624BF16710025F447 /* UIView+JJCorner.m in Sources */ = {isa = PBXBuildFile; fileRef = 2A92F45524BF16710025F447 /* UIView+JJCorner.m */; };
		2A92F45824BF16FB0025F447 /* w.png in Resources */ = {isa = PBXBuildFile; fileRef = 2A92F45724BF16FB0025F447 /* w.png */; };
		2A92F45C24BF18830025F447 /* JJRadiusTool.m in Sources */ = {isa = PBXBuildFile; fileRef = 2A92F45B24BF18830025F447 /* JJRadiusTool.m */; };
		2A92F45F24BF1C270025F447 /* JJBezierTool.m in Sources */ = {isa = PBXBuildFile; fileRef = 2A92F45E24BF1C270025F447 /* JJBezierTool.m */; };
		2A92F46224BF24B00025F447 /* DemoCell.m in Sources */ = {isa = PBXBuildFile; fileRef = 2A92F46124BF24B00025F447 /* DemoCell.m */; };
/* End PBXBuildFile section */

/* Begin PBXFileReference section */
		2A92F43824BF16480025F447 /* NilCorner.app */ = {isa = PBXFileReference; explicitFileType = wrapper.application; includeInIndex = 0; path = NilCorner.app; sourceTree = BUILT_PRODUCTS_DIR; };
		2A92F43B24BF16480025F447 /* AppDelegate.h */ = {isa = PBXFileReference; lastKnownFileType = sourcecode.c.h; path = AppDelegate.h; sourceTree = "<group>"; };
		2A92F43C24BF16480025F447 /* AppDelegate.m */ = {isa = PBXFileReference; lastKnownFileType = sourcecode.c.objc; path = AppDelegate.m; sourceTree = "<group>"; };
		2A92F43E24BF16480025F447 /* SceneDelegate.h */ = {isa = PBXFileReference; lastKnownFileType = sourcecode.c.h; path = SceneDelegate.h; sourceTree = "<group>"; };
		2A92F43F24BF16480025F447 /* SceneDelegate.m */ = {isa = PBXFileReference; lastKnownFileType = sourcecode.c.objc; path = SceneDelegate.m; sourceTree = "<group>"; };
		2A92F44124BF16480025F447 /* ViewController.h */ = {isa = PBXFileReference; lastKnownFileType = sourcecode.c.h; path = ViewController.h; sourceTree = "<group>"; };
		2A92F44224BF16480025F447 /* ViewController.m */ = {isa = PBXFileReference; lastKnownFileType = sourcecode.c.objc; path = ViewController.m; sourceTree = "<group>"; };
		2A92F44524BF16480025F447 /* Base */ = {isa = PBXFileReference; lastKnownFileType = file.storyboard; name = Base; path = Base.lproj/Main.storyboard; sourceTree = "<group>"; };
		2A92F44724BF164A0025F447 /* Assets.xcassets */ = {isa = PBXFileReference; lastKnownFileType = folder.assetcatalog; path = Assets.xcassets; sourceTree = "<group>"; };
		2A92F44A24BF164B0025F447 /* Base */ = {isa = PBXFileReference; lastKnownFileType = file.storyboard; name = Base; path = Base.lproj/LaunchScreen.storyboard; sourceTree = "<group>"; };
		2A92F44C24BF164B0025F447 /* Info.plist */ = {isa = PBXFileReference; lastKnownFileType = text.plist.xml; path = Info.plist; sourceTree = "<group>"; };
		2A92F44D24BF164B0025F447 /* main.m */ = {isa = PBXFileReference; lastKnownFileType = sourcecode.c.objc; path = main.m; sourceTree = "<group>"; };
		2A92F45424BF16710025F447 /* UIView+JJCorner.h */ = {isa = PBXFileReference; lastKnownFileType = sourcecode.c.h; path = "UIView+JJCorner.h"; sourceTree = "<group>"; };
		2A92F45524BF16710025F447 /* UIView+JJCorner.m */ = {isa = PBXFileReference; lastKnownFileType = sourcecode.c.objc; path = "UIView+JJCorner.m"; sourceTree = "<group>"; };
		2A92F45724BF16FB0025F447 /* w.png */ = {isa = PBXFileReference; lastKnownFileType = image.png; path = w.png; sourceTree = "<group>"; };
		2A92F45A24BF18830025F447 /* JJRadiusTool.h */ = {isa = PBXFileReference; lastKnownFileType = sourcecode.c.h; path = JJRadiusTool.h; sourceTree = "<group>"; };
		2A92F45B24BF18830025F447 /* JJRadiusTool.m */ = {isa = PBXFileReference; lastKnownFileType = sourcecode.c.objc; path = JJRadiusTool.m; sourceTree = "<group>"; };
		2A92F45D24BF1C270025F447 /* JJBezierTool.h */ = {isa = PBXFileReference; lastKnownFileType = sourcecode.c.h; path = JJBezierTool.h; sourceTree = "<group>"; };
		2A92F45E24BF1C270025F447 /* JJBezierTool.m */ = {isa = PBXFileReference; lastKnownFileType = sourcecode.c.objc; path = JJBezierTool.m; sourceTree = "<group>"; };
		2A92F46024BF24B00025F447 /* DemoCell.h */ = {isa = PBXFileReference; lastKnownFileType = sourcecode.c.h; path = DemoCell.h; sourceTree = "<group>"; };
		2A92F46124BF24B00025F447 /* DemoCell.m */ = {isa = PBXFileReference; lastKnownFileType = sourcecode.c.objc; path = DemoCell.m; sourceTree = "<group>"; };
/* End PBXFileReference section */

/* Begin PBXFrameworksBuildPhase section */
		2A92F43524BF16480025F447 /* Frameworks */ = {
			isa = PBXFrameworksBuildPhase;
			buildActionMask = 2147483647;
			files = (
			);
			runOnlyForDeploymentPostprocessing = 0;
		};
/* End PBXFrameworksBuildPhase section */

/* Begin PBXGroup section */
		2A92F42F24BF16480025F447 = {
			isa = PBXGroup;
			children = (
				2A92F43A24BF16480025F447 /* NilCorner */,
				2A92F43924BF16480025F447 /* Products */,
			);
			sourceTree = "<group>";
		};
		2A92F43924BF16480025F447 /* Products */ = {
			isa = PBXGroup;
			children = (
				2A92F43824BF16480025F447 /* NilCorner.app */,
			);
			name = Products;
			sourceTree = "<group>";
		};
		2A92F43A24BF16480025F447 /* NilCorner */ = {
			isa = PBXGroup;
			children = (
				2A92F45924BF185D0025F447 /* Tools */,
				2A92F45724BF16FB0025F447 /* w.png */,
				2A92F43B24BF16480025F447 /* AppDelegate.h */,
				2A92F43C24BF16480025F447 /* AppDelegate.m */,
				2A92F43E24BF16480025F447 /* SceneDelegate.h */,
				2A92F43F24BF16480025F447 /* SceneDelegate.m */,
				2A92F44124BF16480025F447 /* ViewController.h */,
				2A92F44224BF16480025F447 /* ViewController.m */,
				2A92F46024BF24B00025F447 /* DemoCell.h */,
				2A92F46124BF24B00025F447 /* DemoCell.m */,
				2A92F44424BF16480025F447 /* Main.storyboard */,
				2A92F44724BF164A0025F447 /* Assets.xcassets */,
				2A92F44924BF164B0025F447 /* LaunchScreen.storyboard */,
				2A92F44C24BF164B0025F447 /* Info.plist */,
				2A92F44D24BF164B0025F447 /* main.m */,
			);
			path = NilCorner;
			sourceTree = "<group>";
		};
		2A92F45924BF185D0025F447 /* Tools */ = {
			isa = PBXGroup;
			children = (
				2A92F45424BF16710025F447 /* UIView+JJCorner.h */,
				2A92F45524BF16710025F447 /* UIView+JJCorner.m */,
				2A92F45A24BF18830025F447 /* JJRadiusTool.h */,
				2A92F45B24BF18830025F447 /* JJRadiusTool.m */,
				2A92F45D24BF1C270025F447 /* JJBezierTool.h */,
				2A92F45E24BF1C270025F447 /* JJBezierTool.m */,
			);
			path = Tools;
			sourceTree = "<group>";
		};
/* End PBXGroup section */

/* Begin PBXNativeTarget section */
		2A92F43724BF16480025F447 /* NilCorner */ = {
			isa = PBXNativeTarget;
			buildConfigurationList = 2A92F45124BF164B0025F447 /* Build configuration list for PBXNativeTarget "NilCorner" */;
			buildPhases = (
				2A92F43424BF16480025F447 /* Sources */,
				2A92F43524BF16480025F447 /* Frameworks */,
				2A92F43624BF16480025F447 /* Resources */,
			);
			buildRules = (
			);
			dependencies = (
			);
			name = NilCorner;
			productName = NilCorner;
			productReference = 2A92F43824BF16480025F447 /* NilCorner.app */;
			productType = "com.apple.product-type.application";
		};
/* End PBXNativeTarget section */

/* Begin PBXProject section */
		2A92F43024BF16480025F447 /* Project object */ = {
			isa = PBXProject;
			attributes = {
				LastUpgradeCheck = 1150;
				ORGANIZATIONNAME = "李佳";
				TargetAttributes = {
					2A92F43724BF16480025F447 = {
						CreatedOnToolsVersion = 11.5;
					};
				};
			};
			buildConfigurationList = 2A92F43324BF16480025F447 /* Build configuration list for PBXProject "NilCorner" */;
			compatibilityVersion = "Xcode 9.3";
			developmentRegion = en;
			hasScannedForEncodings = 0;
			knownRegions = (
				en,
				Base,
			);
			mainGroup = 2A92F42F24BF16480025F447;
			productRefGroup = 2A92F43924BF16480025F447 /* Products */;
			projectDirPath = "";
			projectRoot = "";
			targets = (
				2A92F43724BF16480025F447 /* NilCorner */,
			);
		};
/* End PBXProject section */

/* Begin PBXResourcesBuildPhase section */
		2A92F43624BF16480025F447 /* Resources */ = {
			isa = PBXResourcesBuildPhase;
			buildActionMask = 2147483647;
			files = (
				2A92F44B24BF164B0025F447 /* LaunchScreen.storyboard in Resources */,
				2A92F44824BF164A0025F447 /* Assets.xcassets in Resources */,
				2A92F44624BF16480025F447 /* Main.storyboard in Resources */,
				2A92F45824BF16FB0025F447 /* w.png in Resources */,
			);
			runOnlyForDeploymentPostprocessing = 0;
		};
/* End PBXResourcesBuildPhase section */

/* Begin PBXSourcesBuildPhase section */
		2A92F43424BF16480025F447 /* Sources */ = {
			isa = PBXSourcesBuildPhase;
			buildActionMask = 2147483647;
			files = (
				2A92F44324BF16480025F447 /* ViewController.m in Sources */,
				2A92F45F24BF1C270025F447 /* JJBezierTool.m in Sources */,
				2A92F46224BF24B00025F447 /* DemoCell.m in Sources */,
				2A92F45C24BF18830025F447 /* JJRadiusTool.m in Sources */,
				2A92F43D24BF16480025F447 /* AppDelegate.m in Sources */,
				2A92F45624BF16710025F447 /* UIView+JJCorner.m in Sources */,
				2A92F44E24BF164B0025F447 /* main.m in Sources */,
				2A92F44024BF16480025F447 /* SceneDelegate.m in Sources */,
			);
			runOnlyForDeploymentPostprocessing = 0;
		};
/* End PBXSourcesBuildPhase section */

/* Begin PBXVariantGroup section */
		2A92F44424BF16480025F447 /* Main.storyboard */ = {
			isa = PBXVariantGroup;
			children = (
				2A92F44524BF16480025F447 /* Base */,
			);
			name = Main.storyboard;
			sourceTree = "<group>";
		};
		2A92F44924BF164B0025F447 /* LaunchScreen.storyboard */ = {
			isa = PBXVariantGroup;
			children = (
				2A92F44A24BF164B0025F447 /* Base */,
			);
			name = LaunchScreen.storyboard;
			sourceTree = "<group>";
		};
/* End PBXVariantGroup section */

/* Begin XCBuildConfiguration section */
		2A92F44F24BF164B0025F447 /* Debug */ = {
			isa = XCBuildConfiguration;
			buildSettings = {
				ALWAYS_SEARCH_USER_PATHS = NO;
				CLANG_ANALYZER_NONNULL = YES;
				CLANG_ANALYZER_NUMBER_OBJECT_CONVERSION = YES_AGGRESSIVE;
				CLANG_CXX_LANGUAGE_STANDARD = "gnu++14";
				CLANG_CXX_LIBRARY = "libc++";
				CLANG_ENABLE_MODULES = YES;
				CLANG_ENABLE_OBJC_ARC = YES;
				CLANG_ENABLE_OBJC_WEAK = YES;
				CLANG_WARN_BLOCK_CAPTURE_AUTORELEASING = YES;
				CLANG_WARN_BOOL_CONVERSION = YES;
				CLANG_WARN_COMMA = YES;
				CLANG_WARN_CONSTANT_CONVERSION = YES;
				CLANG_WARN_DEPRECATED_OBJC_IMPLEMENTATIONS = YES;
				CLANG_WARN_DIRECT_OBJC_ISA_USAGE = YES_ERROR;
				CLANG_WARN_DOCUMENTATION_COMMENTS = YES;
				CLANG_WARN_EMPTY_BODY = YES;
				CLANG_WARN_ENUM_CONVERSION = YES;
				CLANG_WARN_INFINITE_RECURSION = YES;
				CLANG_WARN_INT_CONVERSION = YES;
				CLANG_WARN_NON_LITERAL_NULL_CONVERSION = YES;
				CLANG_WARN_OBJC_IMPLICIT_RETAIN_SELF = YES;
				CLANG_WARN_OBJC_LITERAL_CONVERSION = YES;
				CLANG_WARN_OBJC_ROOT_CLASS = YES_ERROR;
				CLANG_WARN_RANGE_LOOP_ANALYSIS = YES;
				CLANG_WARN_STRICT_PROTOTYPES = YES;
				CLANG_WARN_SUSPICIOUS_MOVE = YES;
				CLANG_WARN_UNGUARDED_AVAILABILITY = YES_AGGRESSIVE;
				CLANG_WARN_UNREACHABLE_CODE = YES;
				CLANG_WARN__DUPLICATE_METHOD_MATCH = YES;
				COPY_PHASE_STRIP = NO;
				DEBUG_INFORMATION_FORMAT = dwarf;
				ENABLE_STRICT_OBJC_MSGSEND = YES;
				ENABLE_TESTABILITY = YES;
				GCC_C_LANGUAGE_STANDARD = gnu11;
				GCC_DYNAMIC_NO_PIC = NO;
				GCC_NO_COMMON_BLOCKS = YES;
				GCC_OPTIMIZATION_LEVEL = 0;
				GCC_PREPROCESSOR_DEFINITIONS = (
					"DEBUG=1",
					"$(inherited)",
				);
				GCC_WARN_64_TO_32_BIT_CONVERSION = YES;
				GCC_WARN_ABOUT_RETURN_TYPE = YES_ERROR;
				GCC_WARN_UNDECLARED_SELECTOR = YES;
				GCC_WARN_UNINITIALIZED_AUTOS = YES_AGGRESSIVE;
				GCC_WARN_UNUSED_FUNCTION = YES;
				GCC_WARN_UNUSED_VARIABLE = YES;
				IPHONEOS_DEPLOYMENT_TARGET = 13.5;
				MTL_ENABLE_DEBUG_INFO = INCLUDE_SOURCE;
				MTL_FAST_MATH = YES;
				ONLY_ACTIVE_ARCH = YES;
				SDKROOT = iphoneos;
			};
			name = Debug;
		};
		2A92F45024BF164B0025F447 /* Release */ = {
			isa = XCBuildConfiguration;
			buildSettings = {
				ALWAYS_SEARCH_USER_PATHS = NO;
				CLANG_ANALYZER_NONNULL = YES;
				CLANG_ANALYZER_NUMBER_OBJECT_CONVERSION = YES_AGGRESSIVE;
				CLANG_CXX_LANGUAGE_STANDARD = "gnu++14";
				CLANG_CXX_LIBRARY = "libc++";
				CLANG_ENABLE_MODULES = YES;
				CLANG_ENABLE_OBJC_ARC = YES;
				CLANG_ENABLE_OBJC_WEAK = YES;
				CLANG_WARN_BLOCK_CAPTURE_AUTORELEASING = YES;
				CLANG_WARN_BOOL_CONVERSION = YES;
				CLANG_WARN_COMMA = YES;
				CLANG_WARN_CONSTANT_CONVERSION = YES;
				CLANG_WARN_DEPRECATED_OBJC_IMPLEMENTATIONS = YES;
				CLANG_WARN_DIRECT_OBJC_ISA_USAGE = YES_ERROR;
				CLANG_WARN_DOCUMENTATION_COMMENTS = YES;
				CLANG_WARN_EMPTY_BODY = YES;
				CLANG_WARN_ENUM_CONVERSION = YES;
				CLANG_WARN_INFINITE_RECURSION = YES;
				CLANG_WARN_INT_CONVERSION = YES;
				CLANG_WARN_NON_LITERAL_NULL_CONVERSION = YES;
				CLANG_WARN_OBJC_IMPLICIT_RETAIN_SELF = YES;
				CLANG_WARN_OBJC_LITERAL_CONVERSION = YES;
				CLANG_WARN_OBJC_ROOT_CLASS = YES_ERROR;
				CLANG_WARN_RANGE_LOOP_ANALYSIS = YES;
				CLANG_WARN_STRICT_PROTOTYPES = YES;
				CLANG_WARN_SUSPICIOUS_MOVE = YES;
				CLANG_WARN_UNGUARDED_AVAILABILITY = YES_AGGRESSIVE;
				CLANG_WARN_UNREACHABLE_CODE = YES;
				CLANG_WARN__DUPLICATE_METHOD_MATCH = YES;
				COPY_PHASE_STRIP = NO;
				DEBUG_INFORMATION_FORMAT = "dwarf-with-dsym";
				ENABLE_NS_ASSERTIONS = NO;
				ENABLE_STRICT_OBJC_MSGSEND = YES;
				GCC_C_LANGUAGE_STANDARD = gnu11;
				GCC_NO_COMMON_BLOCKS = YES;
				GCC_WARN_64_TO_32_BIT_CONVERSION = YES;
				GCC_WARN_ABOUT_RETURN_TYPE = YES_ERROR;
				GCC_WARN_UNDECLARED_SELECTOR = YES;
				GCC_WARN_UNINITIALIZED_AUTOS = YES_AGGRESSIVE;
				GCC_WARN_UNUSED_FUNCTION = YES;
				GCC_WARN_UNUSED_VARIABLE = YES;
				IPHONEOS_DEPLOYMENT_TARGET = 13.5;
				MTL_ENABLE_DEBUG_INFO = NO;
				MTL_FAST_MATH = YES;
				SDKROOT = iphoneos;
				VALIDATE_PRODUCT = YES;
			};
			name = Release;
		};
		2A92F45224BF164B0025F447 /* Debug */ = {
			isa = XCBuildConfiguration;
			buildSettings = {
				ASSETCATALOG_COMPILER_APPICON_NAME = AppIcon;
				CODE_SIGN_STYLE = Automatic;
				DEVELOPMENT_TEAM = 7HG2332R53;
				INFOPLIST_FILE = NilCorner/Info.plist;
				IPHONEOS_DEPLOYMENT_TARGET = 12.0;
				LD_RUNPATH_SEARCH_PATHS = (
					"$(inherited)",
					"@executable_path/Frameworks",
				);
				PRODUCT_BUNDLE_IDENTIFIER = com.hhdd.KaDa.NilCorner;
				PRODUCT_NAME = "$(TARGET_NAME)";
				TARGETED_DEVICE_FAMILY = "1,2";
			};
			name = Debug;
		};
		2A92F45324BF164B0025F447 /* Release */ = {
			isa = XCBuildConfiguration;
			buildSettings = {
				ASSETCATALOG_COMPILER_APPICON_NAME = AppIcon;
				CODE_SIGN_STYLE = Automatic;
				DEVELOPMENT_TEAM = 7HG2332R53;
				INFOPLIST_FILE = NilCorner/Info.plist;
				IPHONEOS_DEPLOYMENT_TARGET = 12.0;
				LD_RUNPATH_SEARCH_PATHS = (
					"$(inherited)",
					"@executable_path/Frameworks",
				);
				PRODUCT_BUNDLE_IDENTIFIER = com.hhdd.KaDa.NilCorner;
				PRODUCT_NAME = "$(TARGET_NAME)";
				TARGETED_DEVICE_FAMILY = "1,2";
			};
			name = Release;
		};
/* End XCBuildConfiguration section */

/* Begin XCConfigurationList section */
		2A92F43324BF16480025F447 /* Build configuration list for PBXProject "NilCorner" */ = {
			isa = XCConfigurationList;
			buildConfigurations = (
				2A92F44F24BF164B0025F447 /* Debug */,
				2A92F45024BF164B0025F447 /* Release */,
			);
			defaultConfigurationIsVisible = 0;
			defaultConfigurationName = Release;
		};
		2A92F45124BF164B0025F447 /* Build configuration list for PBXNativeTarget "NilCorner" */ = {
			isa = XCConfigurationList;
			buildConfigurations = (
				2A92F45224BF164B0025F447 /* Debug */,
				2A92F45324BF164B0025F447 /* Release */,
			);
			defaultConfigurationIsVisible = 0;
			defaultConfigurationName = Release;
		};
/* End XCConfigurationList section */
	};
	rootObject = 2A92F43024BF16480025F447 /* Project object */;
}
